
Microsoft Visual Studio Solution File, Format Version 12.00
# Visual Studio Version 17
VisualStudioVersion = 17.8.34408.163
MinimumVisualStudioVersion = 10.0.40219.1
Project("{FAE04EC0-301F-11D3-BF4B-00C04F79EFBC}") = "Onde Act2", "Onde Act2\Onde Act2.csproj", "{03ABCB5E-5696-4507-8B2A-4E4C8C909DEC}"
EndProject
Global
	GlobalSection(SolutionConfigurationPlatforms) = preSolution
		Debug|Any CPU = Debug|Any CPU
		Release|Any CPU = Release|Any CPU
	EndGlobalSection
	GlobalSection(ProjectConfigurationPlatforms) = postSolution
		{03ABCB5E-5696-4507-8B2A-4E4C8C909DEC}.Debug|Any CPU.ActiveCfg = Debug|Any CPU
		{03ABCB5E-5696-4507-8B2A-4E4C8C909DEC}.Debug|Any CPU.Build.0 = Debug|Any CPU
		{03ABCB5E-5696-4507-8B2A-4E4C8C909DEC}.Release|Any CPU.ActiveCfg = Release|Any CPU
		{03ABCB5E-5696-4507-8B2A-4E4C8C909DEC}.Release|Any CPU.Build.0 = Release|Any CPU
	EndGlobalSection
	GlobalSection(SolutionProperties) = preSolution
		HideSolutionNode = FALSE
	EndGlobalSection
	GlobalSection(ExtensibilityGlobals) = postSolution
		SolutionGuid = {12630011-7020-4CE9-A1A7-6621332342C1}
	EndGlobalSection
EndGlobal
