
Microsoft Visual Studio Solution File, Format Version 12.00
# Visual Studio Version 17
VisualStudioVersion = 17.8.34408.163
MinimumVisualStudioVersion = 10.0.40219.1
Project("{FAE04EC0-301F-11D3-BF4B-00C04F79EFBC}") = "ActivityQuiz", "ActivityQuiz\ActivityQuiz.csproj", "{AC3CA783-E7F6-48B7-88FE-D30D4741CF55}"
EndProject
Global
	GlobalSection(SolutionConfigurationPlatforms) = preSolution
		Debug|Any CPU = Debug|Any CPU
		Release|Any CPU = Release|Any CPU
	EndGlobalSection
	GlobalSection(ProjectConfigurationPlatforms) = postSolution
		{AC3CA783-E7F6-48B7-88FE-D30D4741CF55}.Debug|Any CPU.ActiveCfg = Debug|Any CPU
		{AC3CA783-E7F6-48B7-88FE-D30D4741CF55}.Debug|Any CPU.Build.0 = Debug|Any CPU
		{AC3CA783-E7F6-48B7-88FE-D30D4741CF55}.Release|Any CPU.ActiveCfg = Release|Any CPU
		{AC3CA783-E7F6-48B7-88FE-D30D4741CF55}.Release|Any CPU.Build.0 = Release|Any CPU
	EndGlobalSection
	GlobalSection(SolutionProperties) = preSolution
		HideSolutionNode = FALSE
	EndGlobalSection
	GlobalSection(ExtensibilityGlobals) = postSolution
		SolutionGuid = {D298682F-1D98-4B06-B40B-AFA13F006CA5}
	EndGlobalSection
EndGlobal
